
Microsoft Visual Studio Solution File, Format Version 12.00
# Visual Studio Version 17
VisualStudioVersion = 17.0.31903.59
MinimumVisualStudioVersion = 10.0.40219.1
Project("{9A19103F-16F7-4668-BE54-9A1E7A4F7556}") = "SyncedBreakfast", "CS.09\SyncedBreakfast.csproj", "{E555A97D-D2B9-49D4-8DF2-036C62DBE8A3}"
EndProject
Project("{9A19103F-16F7-4668-BE54-9A1E7A4F7556}") = "AsyncBreakfast", "AsyncBreakfast\AsyncBreakfast.csproj", "{F05081FE-F74E-44EA-A5E3-16C0A6F427A2}"
EndProject
Project("{9A19103F-16F7-4668-BE54-9A1E7A4F7556}") = "AsyncBreakfastStarter", "AsyncBreakfastStarter\AsyncBreakfastStarter.csproj", "{AE67E280-6196-437E-9805-5A9CF917172E}"
EndProject
Project("{9A19103F-16F7-4668-BE54-9A1E7A4F7556}") = "AsyncBreakfastException", "AsyncBreakfastException\AsyncBreakfastException.csproj", "{80FFDBE8-F164-49AB-91E0-CA94DD43B73D}"
EndProject
Project("{FAE04EC0-301F-11D3-BF4B-00C04F79EFBC}") = "CreatingTasks", "CreatingTasks\CreatingTasks.csproj", "{F8564D18-5E40-4205-AECE-4B551E5FC5B7}"
EndProject
Global
	GlobalSection(SolutionConfigurationPlatforms) = preSolution
		Debug|Any CPU = Debug|Any CPU
		Release|Any CPU = Release|Any CPU
	EndGlobalSection
	GlobalSection(ProjectConfigurationPlatforms) = postSolution
		{E555A97D-D2B9-49D4-8DF2-036C62DBE8A3}.Debug|Any CPU.ActiveCfg = Debug|Any CPU
		{E555A97D-D2B9-49D4-8DF2-036C62DBE8A3}.Debug|Any CPU.Build.0 = Debug|Any CPU
		{E555A97D-D2B9-49D4-8DF2-036C62DBE8A3}.Release|Any CPU.ActiveCfg = Release|Any CPU
		{E555A97D-D2B9-49D4-8DF2-036C62DBE8A3}.Release|Any CPU.Build.0 = Release|Any CPU
		{F05081FE-F74E-44EA-A5E3-16C0A6F427A2}.Debug|Any CPU.ActiveCfg = Debug|Any CPU
		{F05081FE-F74E-44EA-A5E3-16C0A6F427A2}.Debug|Any CPU.Build.0 = Debug|Any CPU
		{F05081FE-F74E-44EA-A5E3-16C0A6F427A2}.Release|Any CPU.ActiveCfg = Release|Any CPU
		{F05081FE-F74E-44EA-A5E3-16C0A6F427A2}.Release|Any CPU.Build.0 = Release|Any CPU
		{AE67E280-6196-437E-9805-5A9CF917172E}.Debug|Any CPU.ActiveCfg = Debug|Any CPU
		{AE67E280-6196-437E-9805-5A9CF917172E}.Debug|Any CPU.Build.0 = Debug|Any CPU
		{AE67E280-6196-437E-9805-5A9CF917172E}.Release|Any CPU.ActiveCfg = Release|Any CPU
		{AE67E280-6196-437E-9805-5A9CF917172E}.Release|Any CPU.Build.0 = Release|Any CPU
		{80FFDBE8-F164-49AB-91E0-CA94DD43B73D}.Debug|Any CPU.ActiveCfg = Debug|Any CPU
		{80FFDBE8-F164-49AB-91E0-CA94DD43B73D}.Debug|Any CPU.Build.0 = Debug|Any CPU
		{80FFDBE8-F164-49AB-91E0-CA94DD43B73D}.Release|Any CPU.ActiveCfg = Release|Any CPU
		{80FFDBE8-F164-49AB-91E0-CA94DD43B73D}.Release|Any CPU.Build.0 = Release|Any CPU
		{F8564D18-5E40-4205-AECE-4B551E5FC5B7}.Debug|Any CPU.ActiveCfg = Debug|Any CPU
		{F8564D18-5E40-4205-AECE-4B551E5FC5B7}.Debug|Any CPU.Build.0 = Debug|Any CPU
		{F8564D18-5E40-4205-AECE-4B551E5FC5B7}.Release|Any CPU.ActiveCfg = Release|Any CPU
		{F8564D18-5E40-4205-AECE-4B551E5FC5B7}.Release|Any CPU.Build.0 = Release|Any CPU
	EndGlobalSection
	GlobalSection(SolutionProperties) = preSolution
		HideSolutionNode = FALSE
	EndGlobalSection
	GlobalSection(ExtensibilityGlobals) = postSolution
		SolutionGuid = {B785BFE1-D31B-4E37-8FEB-1985C739F520}
	EndGlobalSection
EndGlobal
